
Microsoft Visual Studio Solution File, Format Version 12.00
# Visual Studio Version 16
VisualStudioVersion = 16.0.31624.102
MinimumVisualStudioVersion = 10.0.40219.1
Project("{FAE04EC0-301F-11D3-BF4B-00C04F79EFBC}") = "PlayerPlatformWebsite", "PlayerPlatformWebsite\PlayerPlatformWebsite.csproj", "{66618CF5-3FF2-4967-A009-258D02E4B45A}"
EndProject
Global
	GlobalSection(SolutionConfigurationPlatforms) = preSolution
		Debug|Any CPU = Debug|Any CPU
		Release|Any CPU = Release|Any CPU
	EndGlobalSection
	GlobalSection(ProjectConfigurationPlatforms) = postSolution
		{66618CF5-3FF2-4967-A009-258D02E4B45A}.Debug|Any CPU.ActiveCfg = Debug|Any CPU
		{66618CF5-3FF2-4967-A009-258D02E4B45A}.Debug|Any CPU.Build.0 = Debug|Any CPU
		{66618CF5-3FF2-4967-A009-258D02E4B45A}.Release|Any CPU.ActiveCfg = Release|Any CPU
		{66618CF5-3FF2-4967-A009-258D02E4B45A}.Release|Any CPU.Build.0 = Release|Any CPU
	EndGlobalSection
	GlobalSection(SolutionProperties) = preSolution
		HideSolutionNode = FALSE
	EndGlobalSection
	GlobalSection(ExtensibilityGlobals) = postSolution
		SolutionGuid = {EBE8FFBC-9FD5-4EDD-B4B3-F4CA5E1FB2E3}
	EndGlobalSection
EndGlobal
